
Microsoft Visual Studio Solution File, Format Version 12.00
# Visual Studio Version 16
VisualStudioVersion = 16.0.31321.278
MinimumVisualStudioVersion = 10.0.40219.1
Project("{9A19103F-16F7-4668-BE54-9A1E7A4F7556}") = "AspNetCore.DIP", "AspNetCore.DIP\AspNetCore.DIP.csproj", "{C2D289B1-98F4-41E3-8763-BCE361FA49D1}"
EndProject
Project("{9A19103F-16F7-4668-BE54-9A1E7A4F7556}") = "AspNetCore.DAL", "AspNetCore.DAL\AspNetCore.DAL.csproj", "{1ADCABB2-E38D-4795-8B7E-A721E95E71B4}"
EndProject
Project("{9A19103F-16F7-4668-BE54-9A1E7A4F7556}") = "AspNetCore.BLL", "AspNetCore.BLL\AspNetCore.BLL.csproj", "{F7397E99-BC88-4DED-B54D-97F109576613}"
EndProject
Project("{9A19103F-16F7-4668-BE54-9A1E7A4F7556}") = "AspNetCore.IDAL", "AspNetCore.IDAL\AspNetCore.IDAL.csproj", "{AC113B4D-98C0-4023-AAA8-53FD8E797CA1}"
EndProject
Project("{9A19103F-16F7-4668-BE54-9A1E7A4F7556}") = "AspNetCore.IBLL", "AspNetCore.IBLL\AspNetCore.IBLL.csproj", "{45D74DB4-0DAF-481E-9F62-94403CFD3192}"
EndProject
Project("{9A19103F-16F7-4668-BE54-9A1E7A4F7556}") = "AspNetCore.Factory", "AspNetCore.Factory\AspNetCore.Factory.csproj", "{C74B35C3-85E3-4150-90D4-804A10A8F295}"
EndProject
Project("{FAE04EC0-301F-11D3-BF4B-00C04F79EFBC}") = "AspNetCore.Interface", "AspNetCore.Interface\AspNetCore.Interface.csproj", "{0138217E-B20A-4D0E-8124-A1E973EA00D8}"
EndProject
Project("{FAE04EC0-301F-11D3-BF4B-00C04F79EFBC}") = "AspNetCore.Service", "AspNetCore.Service\AspNetCore.Service.csproj", "{42C29D2D-E21E-4CB9-9AE2-CE5CFB9C9918}"
EndProject
Global
	GlobalSection(SolutionConfigurationPlatforms) = preSolution
		Debug|Any CPU = Debug|Any CPU
		Release|Any CPU = Release|Any CPU
	EndGlobalSection
	GlobalSection(ProjectConfigurationPlatforms) = postSolution
		{C2D289B1-98F4-41E3-8763-BCE361FA49D1}.Debug|Any CPU.ActiveCfg = Debug|Any CPU
		{C2D289B1-98F4-41E3-8763-BCE361FA49D1}.Debug|Any CPU.Build.0 = Debug|Any CPU
		{C2D289B1-98F4-41E3-8763-BCE361FA49D1}.Release|Any CPU.ActiveCfg = Release|Any CPU
		{C2D289B1-98F4-41E3-8763-BCE361FA49D1}.Release|Any CPU.Build.0 = Release|Any CPU
		{1ADCABB2-E38D-4795-8B7E-A721E95E71B4}.Debug|Any CPU.ActiveCfg = Debug|Any CPU
		{1ADCABB2-E38D-4795-8B7E-A721E95E71B4}.Debug|Any CPU.Build.0 = Debug|Any CPU
		{1ADCABB2-E38D-4795-8B7E-A721E95E71B4}.Release|Any CPU.ActiveCfg = Release|Any CPU
		{1ADCABB2-E38D-4795-8B7E-A721E95E71B4}.Release|Any CPU.Build.0 = Release|Any CPU
		{F7397E99-BC88-4DED-B54D-97F109576613}.Debug|Any CPU.ActiveCfg = Debug|Any CPU
		{F7397E99-BC88-4DED-B54D-97F109576613}.Debug|Any CPU.Build.0 = Debug|Any CPU
		{F7397E99-BC88-4DED-B54D-97F109576613}.Release|Any CPU.ActiveCfg = Release|Any CPU
		{F7397E99-BC88-4DED-B54D-97F109576613}.Release|Any CPU.Build.0 = Release|Any CPU
		{AC113B4D-98C0-4023-AAA8-53FD8E797CA1}.Debug|Any CPU.ActiveCfg = Debug|Any CPU
		{AC113B4D-98C0-4023-AAA8-53FD8E797CA1}.Debug|Any CPU.Build.0 = Debug|Any CPU
		{AC113B4D-98C0-4023-AAA8-53FD8E797CA1}.Release|Any CPU.ActiveCfg = Release|Any CPU
		{AC113B4D-98C0-4023-AAA8-53FD8E797CA1}.Release|Any CPU.Build.0 = Release|Any CPU
		{45D74DB4-0DAF-481E-9F62-94403CFD3192}.Debug|Any CPU.ActiveCfg = Debug|Any CPU
		{45D74DB4-0DAF-481E-9F62-94403CFD3192}.Debug|Any CPU.Build.0 = Debug|Any CPU
		{45D74DB4-0DAF-481E-9F62-94403CFD3192}.Release|Any CPU.ActiveCfg = Release|Any CPU
		{45D74DB4-0DAF-481E-9F62-94403CFD3192}.Release|Any CPU.Build.0 = Release|Any CPU
		{C74B35C3-85E3-4150-90D4-804A10A8F295}.Debug|Any CPU.ActiveCfg = Debug|Any CPU
		{C74B35C3-85E3-4150-90D4-804A10A8F295}.Debug|Any CPU.Build.0 = Debug|Any CPU
		{C74B35C3-85E3-4150-90D4-804A10A8F295}.Release|Any CPU.ActiveCfg = Release|Any CPU
		{C74B35C3-85E3-4150-90D4-804A10A8F295}.Release|Any CPU.Build.0 = Release|Any CPU
		{0138217E-B20A-4D0E-8124-A1E973EA00D8}.Debug|Any CPU.ActiveCfg = Debug|Any CPU
		{0138217E-B20A-4D0E-8124-A1E973EA00D8}.Debug|Any CPU.Build.0 = Debug|Any CPU
		{0138217E-B20A-4D0E-8124-A1E973EA00D8}.Release|Any CPU.ActiveCfg = Release|Any CPU
		{0138217E-B20A-4D0E-8124-A1E973EA00D8}.Release|Any CPU.Build.0 = Release|Any CPU
		{42C29D2D-E21E-4CB9-9AE2-CE5CFB9C9918}.Debug|Any CPU.ActiveCfg = Debug|Any CPU
		{42C29D2D-E21E-4CB9-9AE2-CE5CFB9C9918}.Debug|Any CPU.Build.0 = Debug|Any CPU
		{42C29D2D-E21E-4CB9-9AE2-CE5CFB9C9918}.Release|Any CPU.ActiveCfg = Release|Any CPU
		{42C29D2D-E21E-4CB9-9AE2-CE5CFB9C9918}.Release|Any CPU.Build.0 = Release|Any CPU
	EndGlobalSection
	GlobalSection(SolutionProperties) = preSolution
		HideSolutionNode = FALSE
	EndGlobalSection
	GlobalSection(ExtensibilityGlobals) = postSolution
		SolutionGuid = {BBC05A91-2135-48DC-AC83-79055F21A8C4}
	EndGlobalSection
EndGlobal
