
Microsoft Visual Studio Solution File, Format Version 12.00
# Visual Studio Version 16
VisualStudioVersion = 16.0.31321.278
MinimumVisualStudioVersion = 10.0.40219.1
Project("{FAE04EC0-301F-11D3-BF4B-00C04F79EFBC}") = "WebApp_MVC", "WebApp_MVC.csproj", "{CCEB60F5-DB41-45A2-8E5F-4267869EC791}"
EndProject
Global
	GlobalSection(SolutionConfigurationPlatforms) = preSolution
		Debug|Any CPU = Debug|Any CPU
		Release|Any CPU = Release|Any CPU
	EndGlobalSection
	GlobalSection(ProjectConfigurationPlatforms) = postSolution
		{CCEB60F5-DB41-45A2-8E5F-4267869EC791}.Debug|Any CPU.ActiveCfg = Debug|Any CPU
		{CCEB60F5-DB41-45A2-8E5F-4267869EC791}.Debug|Any CPU.Build.0 = Debug|Any CPU
		{CCEB60F5-DB41-45A2-8E5F-4267869EC791}.Release|Any CPU.ActiveCfg = Release|Any CPU
		{CCEB60F5-DB41-45A2-8E5F-4267869EC791}.Release|Any CPU.Build.0 = Release|Any CPU
	EndGlobalSection
	GlobalSection(SolutionProperties) = preSolution
		HideSolutionNode = FALSE
	EndGlobalSection
	GlobalSection(ExtensibilityGlobals) = postSolution
		SolutionGuid = {7AF07764-85CF-412D-8E45-F0B28D2D8CB5}
	EndGlobalSection
EndGlobal
