
Microsoft Visual Studio Solution File, Format Version 12.00
# Visual Studio Version 16
VisualStudioVersion = 16.0.30621.155
MinimumVisualStudioVersion = 10.0.40219.1
Project("{FAE04EC0-301F-11D3-BF4B-00C04F79EFBC}") = "CSharpAdvanced", "CSharpAdvanced.csproj", "{6EC616B3-0F6A-4B6C-93EE-EB8F91749CDA}"
EndProject
Project("{FAE04EC0-301F-11D3-BF4B-00C04F79EFBC}") = "WebApplication1", "..\WebApplication1\WebApplication1.csproj", "{7F672A67-074D-4BAC-A1DB-B33781DCCC67}"
EndProject
Project("{FAE04EC0-301F-11D3-BF4B-00C04F79EFBC}") = "WindowsFormsApp1", "..\WindowsFormsApp1\WindowsFormsApp1.csproj", "{2AE45BDB-7CFD-4B47-A1D5-07EE4BA1AEE6}"
EndProject
Global
	GlobalSection(SolutionConfigurationPlatforms) = preSolution
		Debug|Any CPU = Debug|Any CPU
		Release|Any CPU = Release|Any CPU
	EndGlobalSection
	GlobalSection(ProjectConfigurationPlatforms) = postSolution
		{6EC616B3-0F6A-4B6C-93EE-EB8F91749CDA}.Debug|Any CPU.ActiveCfg = Debug|Any CPU
		{6EC616B3-0F6A-4B6C-93EE-EB8F91749CDA}.Debug|Any CPU.Build.0 = Debug|Any CPU
		{6EC616B3-0F6A-4B6C-93EE-EB8F91749CDA}.Release|Any CPU.ActiveCfg = Release|Any CPU
		{6EC616B3-0F6A-4B6C-93EE-EB8F91749CDA}.Release|Any CPU.Build.0 = Release|Any CPU
		{7F672A67-074D-4BAC-A1DB-B33781DCCC67}.Debug|Any CPU.ActiveCfg = Debug|Any CPU
		{7F672A67-074D-4BAC-A1DB-B33781DCCC67}.Debug|Any CPU.Build.0 = Debug|Any CPU
		{7F672A67-074D-4BAC-A1DB-B33781DCCC67}.Release|Any CPU.ActiveCfg = Release|Any CPU
		{7F672A67-074D-4BAC-A1DB-B33781DCCC67}.Release|Any CPU.Build.0 = Release|Any CPU
		{2AE45BDB-7CFD-4B47-A1D5-07EE4BA1AEE6}.Debug|Any CPU.ActiveCfg = Debug|Any CPU
		{2AE45BDB-7CFD-4B47-A1D5-07EE4BA1AEE6}.Debug|Any CPU.Build.0 = Debug|Any CPU
		{2AE45BDB-7CFD-4B47-A1D5-07EE4BA1AEE6}.Release|Any CPU.ActiveCfg = Release|Any CPU
		{2AE45BDB-7CFD-4B47-A1D5-07EE4BA1AEE6}.Release|Any CPU.Build.0 = Release|Any CPU
	EndGlobalSection
	GlobalSection(SolutionProperties) = preSolution
		HideSolutionNode = FALSE
	EndGlobalSection
	GlobalSection(ExtensibilityGlobals) = postSolution
		SolutionGuid = {AA1DA9DB-02CA-4CD1-89FF-34F5277CA918}
	EndGlobalSection
EndGlobal
